
Microsoft Visual Studio Solution File, Format Version 12.00
# Visual Studio Version 16
VisualStudioVersion = 16.0.30621.155
MinimumVisualStudioVersion = 10.0.40219.1
Project("{FAE04EC0-301F-11D3-BF4B-00C04F79EFBC}") = "WFASetupExe", "WFASetupExe.csproj", "{AD36C3A6-3958-4455-8C0A-19BFD98DD9E6}"
EndProject
Project("{54435603-DBB4-11D2-8724-00A0C9A8B90C}") = "Setup", "..\Setup\Setup.vdproj", "{6FC69E0A-6567-45FF-AD5C-3D3DC21F0E7F}"
EndProject
Global
	GlobalSection(SolutionConfigurationPlatforms) = preSolution
		Debug|Any CPU = Debug|Any CPU
		Release|Any CPU = Release|Any CPU
	EndGlobalSection
	GlobalSection(ProjectConfigurationPlatforms) = postSolution
		{AD36C3A6-3958-4455-8C0A-19BFD98DD9E6}.Debug|Any CPU.ActiveCfg = Debug|Any CPU
		{AD36C3A6-3958-4455-8C0A-19BFD98DD9E6}.Debug|Any CPU.Build.0 = Debug|Any CPU
		{AD36C3A6-3958-4455-8C0A-19BFD98DD9E6}.Release|Any CPU.ActiveCfg = Release|Any CPU
		{AD36C3A6-3958-4455-8C0A-19BFD98DD9E6}.Release|Any CPU.Build.0 = Release|Any CPU
		{6FC69E0A-6567-45FF-AD5C-3D3DC21F0E7F}.Debug|Any CPU.ActiveCfg = Debug
		{6FC69E0A-6567-45FF-AD5C-3D3DC21F0E7F}.Release|Any CPU.ActiveCfg = Release
	EndGlobalSection
	GlobalSection(SolutionProperties) = preSolution
		HideSolutionNode = FALSE
	EndGlobalSection
	GlobalSection(ExtensibilityGlobals) = postSolution
		SolutionGuid = {7E46DA34-C0D6-41B5-9930-4B64B03E13AE}
	EndGlobalSection
EndGlobal
